
Microsoft Visual Studio Solution File, Format Version 12.00
# Visual Studio 15
VisualStudioVersion = 15.0.27428.2037
MinimumVisualStudioVersion = 10.0.40219.1
Project("{FAE04EC0-301F-11D3-BF4B-00C04F79EFBC}") = "DirectoryWindowsApp", "DirectoryWindowsApp\DirectoryWindowsApp.csproj", "{543F6357-4652-4931-8DEC-718C4BB70CD2}"
EndProject
Global
	GlobalSection(SolutionConfigurationPlatforms) = preSolution
		Debug|Any CPU = Debug|Any CPU
		Release|Any CPU = Release|Any CPU
	EndGlobalSection
	GlobalSection(ProjectConfigurationPlatforms) = postSolution
		{543F6357-4652-4931-8DEC-718C4BB70CD2}.Debug|Any CPU.ActiveCfg = Debug|Any CPU
		{543F6357-4652-4931-8DEC-718C4BB70CD2}.Debug|Any CPU.Build.0 = Debug|Any CPU
		{543F6357-4652-4931-8DEC-718C4BB70CD2}.Release|Any CPU.ActiveCfg = Release|Any CPU
		{543F6357-4652-4931-8DEC-718C4BB70CD2}.Release|Any CPU.Build.0 = Release|Any CPU
	EndGlobalSection
	GlobalSection(SolutionProperties) = preSolution
		HideSolutionNode = FALSE
	EndGlobalSection
	GlobalSection(ExtensibilityGlobals) = postSolution
		SolutionGuid = {634B83A4-9F33-45FE-B2DF-7E7313EAA252}
	EndGlobalSection
EndGlobal
